
Microsoft Visual Studio Solution File, Format Version 12.00
# Visual Studio Version 17
VisualStudioVersion = 17.6.33829.357
MinimumVisualStudioVersion = 10.0.40219.1
Project("{FAE04EC0-301F-11D3-BF4B-00C04F79EFBC}") = "GalaxyRush", "GalaxyRush\GalaxyRush.csproj", "{50BF0BC0-F1C4-4226-A6A8-49E0FC45D365}"
EndProject
Global
	GlobalSection(SolutionConfigurationPlatforms) = preSolution
		Debug|Any CPU = Debug|Any CPU
		Release|Any CPU = Release|Any CPU
	EndGlobalSection
	GlobalSection(ProjectConfigurationPlatforms) = postSolution
		{50BF0BC0-F1C4-4226-A6A8-49E0FC45D365}.Debug|Any CPU.ActiveCfg = Debug|Any CPU
		{50BF0BC0-F1C4-4226-A6A8-49E0FC45D365}.Debug|Any CPU.Build.0 = Debug|Any CPU
		{50BF0BC0-F1C4-4226-A6A8-49E0FC45D365}.Release|Any CPU.ActiveCfg = Release|Any CPU
		{50BF0BC0-F1C4-4226-A6A8-49E0FC45D365}.Release|Any CPU.Build.0 = Release|Any CPU
	EndGlobalSection
	GlobalSection(SolutionProperties) = preSolution
		HideSolutionNode = FALSE
	EndGlobalSection
	GlobalSection(ExtensibilityGlobals) = postSolution
		SolutionGuid = {7823923B-A64D-43C2-BB1E-A4BFFCF2EF2E}
	EndGlobalSection
EndGlobal
